
Microsoft Visual Studio Solution File, Format Version 12.00
# Visual Studio 14
VisualStudioVersion = 14.0.25420.1
MinimumVisualStudioVersion = 10.0.40219.1
Project("{2150E333-8FDC-42A3-9474-1A3956D46DE8}") = "1 Web", "1 Web", "{E6B0CE70-CDB6-4CF2-9E71-849785EDAA99}"
EndProject
Project("{2150E333-8FDC-42A3-9474-1A3956D46DE8}") = "2 Console", "2 Console", "{F0BFBAD1-48B1-4A2A-BDDF-C4E2588C4134}"
EndProject
Project("{FAE04EC0-301F-11D3-BF4B-00C04F79EFBC}") = "EnumTest", "Enum\EnumTest.csproj", "{07A57E7A-C56A-43AB-BF80-F5E6BBC862E8}"
EndProject
Project("{FAE04EC0-301F-11D3-BF4B-00C04F79EFBC}") = "Web", "Web\Web.csproj", "{D55EA9A6-5C54-42F0-8208-F8124A7F7B43}"
EndProject
Project("{FAE04EC0-301F-11D3-BF4B-00C04F79EFBC}") = "EmailTest", "EmailTest\EmailTest.csproj", "{78079E65-B558-4E74-809E-8403996ADF8C}"
EndProject
Project("{FAE04EC0-301F-11D3-BF4B-00C04F79EFBC}") = "XMLTest", "XMLTest\XMLTest.csproj", "{2B59483A-8AD2-4F04-B984-20B4D4049909}"
EndProject
Project("{FAE04EC0-301F-11D3-BF4B-00C04F79EFBC}") = "HttpRequest", "HttpRequest\HttpRequest.csproj", "{B9986F4F-525F-4044-9EE8-B1EE524C18E0}"
EndProject
Project("{FAE04EC0-301F-11D3-BF4B-00C04F79EFBC}") = "Memcached", "Memcached\Memcached.csproj", "{9D218AC1-816A-4F24-986D-2C0564FA3D47}"
EndProject
Project("{FAE04EC0-301F-11D3-BF4B-00C04F79EFBC}") = "MySqlTest", "MySqlTest\MySqlTest.csproj", "{49D6AD93-949A-43DD-82C3-6B9C38A4D04F}"
EndProject
Project("{FAE04EC0-301F-11D3-BF4B-00C04F79EFBC}") = "CommonTest", "CommonTest\CommonTest.csproj", "{88613116-FE34-45D1-9FD6-F2717ED7CBB3}"
EndProject
Project("{FAE04EC0-301F-11D3-BF4B-00C04F79EFBC}") = "JsonTest", "JsonTest\JsonTest.csproj", "{BF66EC51-C3C7-4C8B-9D1C-574C93D3AF95}"
EndProject
Project("{FAE04EC0-301F-11D3-BF4B-00C04F79EFBC}") = "RedisDemo", "RedisDemo\RedisDemo.csproj", "{200F701E-B22F-4825-AE0F-45B3082A739C}"
EndProject
Project("{FAE04EC0-301F-11D3-BF4B-00C04F79EFBC}") = "LinqTest", "LinqTest\LinqTest.csproj", "{47D40642-883E-43A0-AFF4-FE1D0FAC8D64}"
EndProject
Project("{FAE04EC0-301F-11D3-BF4B-00C04F79EFBC}") = "EncriptSample", "EncriptSample\EncriptSample.csproj", "{2E124A10-D80A-4ECF-A3DB-95B0D6D44738}"
EndProject
Project("{FAE04EC0-301F-11D3-BF4B-00C04F79EFBC}") = "MongoDBTest", "MongoDBTest\MongoDBTest.csproj", "{8CD2AC25-63B4-4DC6-9D6C-ABCC25D87E1F}"
EndProject
Global
	GlobalSection(SolutionConfigurationPlatforms) = preSolution
		Debug|Any CPU = Debug|Any CPU
		Debug|x86 = Debug|x86
		Release|Any CPU = Release|Any CPU
		Release|x86 = Release|x86
	EndGlobalSection
	GlobalSection(ProjectConfigurationPlatforms) = postSolution
		{07A57E7A-C56A-43AB-BF80-F5E6BBC862E8}.Debug|Any CPU.ActiveCfg = Debug|Any CPU
		{07A57E7A-C56A-43AB-BF80-F5E6BBC862E8}.Debug|Any CPU.Build.0 = Debug|Any CPU
		{07A57E7A-C56A-43AB-BF80-F5E6BBC862E8}.Debug|x86.ActiveCfg = Debug|Any CPU
		{07A57E7A-C56A-43AB-BF80-F5E6BBC862E8}.Debug|x86.Build.0 = Debug|Any CPU
		{07A57E7A-C56A-43AB-BF80-F5E6BBC862E8}.Release|Any CPU.ActiveCfg = Release|Any CPU
		{07A57E7A-C56A-43AB-BF80-F5E6BBC862E8}.Release|Any CPU.Build.0 = Release|Any CPU
		{07A57E7A-C56A-43AB-BF80-F5E6BBC862E8}.Release|x86.ActiveCfg = Release|Any CPU
		{07A57E7A-C56A-43AB-BF80-F5E6BBC862E8}.Release|x86.Build.0 = Release|Any CPU
		{D55EA9A6-5C54-42F0-8208-F8124A7F7B43}.Debug|Any CPU.ActiveCfg = Debug|Any CPU
		{D55EA9A6-5C54-42F0-8208-F8124A7F7B43}.Debug|Any CPU.Build.0 = Debug|Any CPU
		{D55EA9A6-5C54-42F0-8208-F8124A7F7B43}.Debug|x86.ActiveCfg = Debug|Any CPU
		{D55EA9A6-5C54-42F0-8208-F8124A7F7B43}.Debug|x86.Build.0 = Debug|Any CPU
		{D55EA9A6-5C54-42F0-8208-F8124A7F7B43}.Release|Any CPU.ActiveCfg = Release|Any CPU
		{D55EA9A6-5C54-42F0-8208-F8124A7F7B43}.Release|Any CPU.Build.0 = Release|Any CPU
		{D55EA9A6-5C54-42F0-8208-F8124A7F7B43}.Release|x86.ActiveCfg = Release|Any CPU
		{D55EA9A6-5C54-42F0-8208-F8124A7F7B43}.Release|x86.Build.0 = Release|Any CPU
		{78079E65-B558-4E74-809E-8403996ADF8C}.Debug|Any CPU.ActiveCfg = Debug|Any CPU
		{78079E65-B558-4E74-809E-8403996ADF8C}.Debug|Any CPU.Build.0 = Debug|Any CPU
		{78079E65-B558-4E74-809E-8403996ADF8C}.Debug|x86.ActiveCfg = Debug|Any CPU
		{78079E65-B558-4E74-809E-8403996ADF8C}.Debug|x86.Build.0 = Debug|Any CPU
		{78079E65-B558-4E74-809E-8403996ADF8C}.Release|Any CPU.ActiveCfg = Release|Any CPU
		{78079E65-B558-4E74-809E-8403996ADF8C}.Release|Any CPU.Build.0 = Release|Any CPU
		{78079E65-B558-4E74-809E-8403996ADF8C}.Release|x86.ActiveCfg = Release|Any CPU
		{78079E65-B558-4E74-809E-8403996ADF8C}.Release|x86.Build.0 = Release|Any CPU
		{2B59483A-8AD2-4F04-B984-20B4D4049909}.Debug|Any CPU.ActiveCfg = Debug|Any CPU
		{2B59483A-8AD2-4F04-B984-20B4D4049909}.Debug|Any CPU.Build.0 = Debug|Any CPU
		{2B59483A-8AD2-4F04-B984-20B4D4049909}.Debug|x86.ActiveCfg = Debug|Any CPU
		{2B59483A-8AD2-4F04-B984-20B4D4049909}.Debug|x86.Build.0 = Debug|Any CPU
		{2B59483A-8AD2-4F04-B984-20B4D4049909}.Release|Any CPU.ActiveCfg = Release|Any CPU
		{2B59483A-8AD2-4F04-B984-20B4D4049909}.Release|Any CPU.Build.0 = Release|Any CPU
		{2B59483A-8AD2-4F04-B984-20B4D4049909}.Release|x86.ActiveCfg = Release|Any CPU
		{2B59483A-8AD2-4F04-B984-20B4D4049909}.Release|x86.Build.0 = Release|Any CPU
		{B9986F4F-525F-4044-9EE8-B1EE524C18E0}.Debug|Any CPU.ActiveCfg = Debug|Any CPU
		{B9986F4F-525F-4044-9EE8-B1EE524C18E0}.Debug|Any CPU.Build.0 = Debug|Any CPU
		{B9986F4F-525F-4044-9EE8-B1EE524C18E0}.Debug|x86.ActiveCfg = Debug|Any CPU
		{B9986F4F-525F-4044-9EE8-B1EE524C18E0}.Debug|x86.Build.0 = Debug|Any CPU
		{B9986F4F-525F-4044-9EE8-B1EE524C18E0}.Release|Any CPU.ActiveCfg = Release|Any CPU
		{B9986F4F-525F-4044-9EE8-B1EE524C18E0}.Release|Any CPU.Build.0 = Release|Any CPU
		{B9986F4F-525F-4044-9EE8-B1EE524C18E0}.Release|x86.ActiveCfg = Release|Any CPU
		{B9986F4F-525F-4044-9EE8-B1EE524C18E0}.Release|x86.Build.0 = Release|Any CPU
		{9D218AC1-816A-4F24-986D-2C0564FA3D47}.Debug|Any CPU.ActiveCfg = Debug|Any CPU
		{9D218AC1-816A-4F24-986D-2C0564FA3D47}.Debug|Any CPU.Build.0 = Debug|Any CPU
		{9D218AC1-816A-4F24-986D-2C0564FA3D47}.Debug|x86.ActiveCfg = Debug|Any CPU
		{9D218AC1-816A-4F24-986D-2C0564FA3D47}.Debug|x86.Build.0 = Debug|Any CPU
		{9D218AC1-816A-4F24-986D-2C0564FA3D47}.Release|Any CPU.ActiveCfg = Release|Any CPU
		{9D218AC1-816A-4F24-986D-2C0564FA3D47}.Release|Any CPU.Build.0 = Release|Any CPU
		{9D218AC1-816A-4F24-986D-2C0564FA3D47}.Release|x86.ActiveCfg = Release|Any CPU
		{9D218AC1-816A-4F24-986D-2C0564FA3D47}.Release|x86.Build.0 = Release|Any CPU
		{49D6AD93-949A-43DD-82C3-6B9C38A4D04F}.Debug|Any CPU.ActiveCfg = Debug|Any CPU
		{49D6AD93-949A-43DD-82C3-6B9C38A4D04F}.Debug|Any CPU.Build.0 = Debug|Any CPU
		{49D6AD93-949A-43DD-82C3-6B9C38A4D04F}.Debug|x86.ActiveCfg = Debug|Any CPU
		{49D6AD93-949A-43DD-82C3-6B9C38A4D04F}.Debug|x86.Build.0 = Debug|Any CPU
		{49D6AD93-949A-43DD-82C3-6B9C38A4D04F}.Release|Any CPU.ActiveCfg = Release|Any CPU
		{49D6AD93-949A-43DD-82C3-6B9C38A4D04F}.Release|Any CPU.Build.0 = Release|Any CPU
		{49D6AD93-949A-43DD-82C3-6B9C38A4D04F}.Release|x86.ActiveCfg = Release|Any CPU
		{49D6AD93-949A-43DD-82C3-6B9C38A4D04F}.Release|x86.Build.0 = Release|Any CPU
		{88613116-FE34-45D1-9FD6-F2717ED7CBB3}.Debug|Any CPU.ActiveCfg = Debug|Any CPU
		{88613116-FE34-45D1-9FD6-F2717ED7CBB3}.Debug|Any CPU.Build.0 = Debug|Any CPU
		{88613116-FE34-45D1-9FD6-F2717ED7CBB3}.Debug|x86.ActiveCfg = Debug|Any CPU
		{88613116-FE34-45D1-9FD6-F2717ED7CBB3}.Debug|x86.Build.0 = Debug|Any CPU
		{88613116-FE34-45D1-9FD6-F2717ED7CBB3}.Release|Any CPU.ActiveCfg = Release|Any CPU
		{88613116-FE34-45D1-9FD6-F2717ED7CBB3}.Release|Any CPU.Build.0 = Release|Any CPU
		{88613116-FE34-45D1-9FD6-F2717ED7CBB3}.Release|x86.ActiveCfg = Release|Any CPU
		{88613116-FE34-45D1-9FD6-F2717ED7CBB3}.Release|x86.Build.0 = Release|Any CPU
		{BF66EC51-C3C7-4C8B-9D1C-574C93D3AF95}.Debug|Any CPU.ActiveCfg = Debug|Any CPU
		{BF66EC51-C3C7-4C8B-9D1C-574C93D3AF95}.Debug|Any CPU.Build.0 = Debug|Any CPU
		{BF66EC51-C3C7-4C8B-9D1C-574C93D3AF95}.Debug|x86.ActiveCfg = Debug|Any CPU
		{BF66EC51-C3C7-4C8B-9D1C-574C93D3AF95}.Debug|x86.Build.0 = Debug|Any CPU
		{BF66EC51-C3C7-4C8B-9D1C-574C93D3AF95}.Release|Any CPU.ActiveCfg = Release|Any CPU
		{BF66EC51-C3C7-4C8B-9D1C-574C93D3AF95}.Release|Any CPU.Build.0 = Release|Any CPU
		{BF66EC51-C3C7-4C8B-9D1C-574C93D3AF95}.Release|x86.ActiveCfg = Release|Any CPU
		{BF66EC51-C3C7-4C8B-9D1C-574C93D3AF95}.Release|x86.Build.0 = Release|Any CPU
		{200F701E-B22F-4825-AE0F-45B3082A739C}.Debug|Any CPU.ActiveCfg = Debug|Any CPU
		{200F701E-B22F-4825-AE0F-45B3082A739C}.Debug|Any CPU.Build.0 = Debug|Any CPU
		{200F701E-B22F-4825-AE0F-45B3082A739C}.Debug|x86.ActiveCfg = Debug|Any CPU
		{200F701E-B22F-4825-AE0F-45B3082A739C}.Debug|x86.Build.0 = Debug|Any CPU
		{200F701E-B22F-4825-AE0F-45B3082A739C}.Release|Any CPU.ActiveCfg = Release|Any CPU
		{200F701E-B22F-4825-AE0F-45B3082A739C}.Release|Any CPU.Build.0 = Release|Any CPU
		{200F701E-B22F-4825-AE0F-45B3082A739C}.Release|x86.ActiveCfg = Release|Any CPU
		{200F701E-B22F-4825-AE0F-45B3082A739C}.Release|x86.Build.0 = Release|Any CPU
		{47D40642-883E-43A0-AFF4-FE1D0FAC8D64}.Debug|Any CPU.ActiveCfg = Debug|Any CPU
		{47D40642-883E-43A0-AFF4-FE1D0FAC8D64}.Debug|Any CPU.Build.0 = Debug|Any CPU
		{47D40642-883E-43A0-AFF4-FE1D0FAC8D64}.Debug|x86.ActiveCfg = Debug|Any CPU
		{47D40642-883E-43A0-AFF4-FE1D0FAC8D64}.Debug|x86.Build.0 = Debug|Any CPU
		{47D40642-883E-43A0-AFF4-FE1D0FAC8D64}.Release|Any CPU.ActiveCfg = Release|Any CPU
		{47D40642-883E-43A0-AFF4-FE1D0FAC8D64}.Release|Any CPU.Build.0 = Release|Any CPU
		{47D40642-883E-43A0-AFF4-FE1D0FAC8D64}.Release|x86.ActiveCfg = Release|Any CPU
		{47D40642-883E-43A0-AFF4-FE1D0FAC8D64}.Release|x86.Build.0 = Release|Any CPU
		{2E124A10-D80A-4ECF-A3DB-95B0D6D44738}.Debug|Any CPU.ActiveCfg = Debug|x86
		{2E124A10-D80A-4ECF-A3DB-95B0D6D44738}.Debug|x86.ActiveCfg = Debug|x86
		{2E124A10-D80A-4ECF-A3DB-95B0D6D44738}.Debug|x86.Build.0 = Debug|x86
		{2E124A10-D80A-4ECF-A3DB-95B0D6D44738}.Release|Any CPU.ActiveCfg = Release|x86
		{2E124A10-D80A-4ECF-A3DB-95B0D6D44738}.Release|x86.ActiveCfg = Release|x86
		{2E124A10-D80A-4ECF-A3DB-95B0D6D44738}.Release|x86.Build.0 = Release|x86
		{8CD2AC25-63B4-4DC6-9D6C-ABCC25D87E1F}.Debug|Any CPU.ActiveCfg = Debug|Any CPU
		{8CD2AC25-63B4-4DC6-9D6C-ABCC25D87E1F}.Debug|Any CPU.Build.0 = Debug|Any CPU
		{8CD2AC25-63B4-4DC6-9D6C-ABCC25D87E1F}.Debug|x86.ActiveCfg = Debug|Any CPU
		{8CD2AC25-63B4-4DC6-9D6C-ABCC25D87E1F}.Debug|x86.Build.0 = Debug|Any CPU
		{8CD2AC25-63B4-4DC6-9D6C-ABCC25D87E1F}.Release|Any CPU.ActiveCfg = Release|Any CPU
		{8CD2AC25-63B4-4DC6-9D6C-ABCC25D87E1F}.Release|Any CPU.Build.0 = Release|Any CPU
		{8CD2AC25-63B4-4DC6-9D6C-ABCC25D87E1F}.Release|x86.ActiveCfg = Release|Any CPU
		{8CD2AC25-63B4-4DC6-9D6C-ABCC25D87E1F}.Release|x86.Build.0 = Release|Any CPU
	EndGlobalSection
	GlobalSection(SolutionProperties) = preSolution
		HideSolutionNode = FALSE
	EndGlobalSection
	GlobalSection(NestedProjects) = preSolution
		{07A57E7A-C56A-43AB-BF80-F5E6BBC862E8} = {F0BFBAD1-48B1-4A2A-BDDF-C4E2588C4134}
		{D55EA9A6-5C54-42F0-8208-F8124A7F7B43} = {E6B0CE70-CDB6-4CF2-9E71-849785EDAA99}
		{78079E65-B558-4E74-809E-8403996ADF8C} = {F0BFBAD1-48B1-4A2A-BDDF-C4E2588C4134}
		{2B59483A-8AD2-4F04-B984-20B4D4049909} = {F0BFBAD1-48B1-4A2A-BDDF-C4E2588C4134}
		{B9986F4F-525F-4044-9EE8-B1EE524C18E0} = {F0BFBAD1-48B1-4A2A-BDDF-C4E2588C4134}
		{9D218AC1-816A-4F24-986D-2C0564FA3D47} = {F0BFBAD1-48B1-4A2A-BDDF-C4E2588C4134}
		{49D6AD93-949A-43DD-82C3-6B9C38A4D04F} = {F0BFBAD1-48B1-4A2A-BDDF-C4E2588C4134}
		{88613116-FE34-45D1-9FD6-F2717ED7CBB3} = {F0BFBAD1-48B1-4A2A-BDDF-C4E2588C4134}
		{BF66EC51-C3C7-4C8B-9D1C-574C93D3AF95} = {F0BFBAD1-48B1-4A2A-BDDF-C4E2588C4134}
		{200F701E-B22F-4825-AE0F-45B3082A739C} = {F0BFBAD1-48B1-4A2A-BDDF-C4E2588C4134}
		{47D40642-883E-43A0-AFF4-FE1D0FAC8D64} = {F0BFBAD1-48B1-4A2A-BDDF-C4E2588C4134}
		{2E124A10-D80A-4ECF-A3DB-95B0D6D44738} = {F0BFBAD1-48B1-4A2A-BDDF-C4E2588C4134}
		{8CD2AC25-63B4-4DC6-9D6C-ABCC25D87E1F} = {F0BFBAD1-48B1-4A2A-BDDF-C4E2588C4134}
	EndGlobalSection
EndGlobal
